
Microsoft Visual Studio Solution File, Format Version 12.00
# Visual Studio Version 17
VisualStudioVersion = 17.8.34525.116
MinimumVisualStudioVersion = 10.0.40219.1
Project("{FAE04EC0-301F-11D3-BF4B-00C04F79EFBC}") = "git3", "git3\git3.csproj", "{DD2B9C1B-C365-4BF0-8B9C-5BC3AE6F1220}"
EndProject
Global
	GlobalSection(SolutionConfigurationPlatforms) = preSolution
		Debug|Any CPU = Debug|Any CPU
		Release|Any CPU = Release|Any CPU
	EndGlobalSection
	GlobalSection(ProjectConfigurationPlatforms) = postSolution
		{DD2B9C1B-C365-4BF0-8B9C-5BC3AE6F1220}.Debug|Any CPU.ActiveCfg = Debug|Any CPU
		{DD2B9C1B-C365-4BF0-8B9C-5BC3AE6F1220}.Debug|Any CPU.Build.0 = Debug|Any CPU
		{DD2B9C1B-C365-4BF0-8B9C-5BC3AE6F1220}.Release|Any CPU.ActiveCfg = Release|Any CPU
		{DD2B9C1B-C365-4BF0-8B9C-5BC3AE6F1220}.Release|Any CPU.Build.0 = Release|Any CPU
	EndGlobalSection
	GlobalSection(SolutionProperties) = preSolution
		HideSolutionNode = FALSE
	EndGlobalSection
	GlobalSection(ExtensibilityGlobals) = postSolution
		SolutionGuid = {00964314-39F6-49C2-86AE-4D4EC621C4D5}
	EndGlobalSection
EndGlobal
